
Microsoft Visual Studio Solution File, Format Version 11.00
# Visual Studio 2010
Project("{FAE04EC0-301F-11D3-BF4B-00C04F79EFBC}") = "P001", "P001\P001.csproj", "{B5064EE9-3520-429C-B3B9-9A51AD9E065B}"
EndProject
Project("{FAE04EC0-301F-11D3-BF4B-00C04F79EFBC}") = "P002", "P002\P002.csproj", "{B9366C4E-1712-428D-A992-93CB6FF4F44C}"
EndProject
Project("{FAE04EC0-301F-11D3-BF4B-00C04F79EFBC}") = "P003", "P003\P003.csproj", "{EC62C914-EC3C-4520-A0FC-3B8C8042C7F7}"
EndProject
Project("{FAE04EC0-301F-11D3-BF4B-00C04F79EFBC}") = "P004", "P004\P004.csproj", "{DD84540D-C140-4924-A298-1BE77DD297BD}"
EndProject
Project("{FAE04EC0-301F-11D3-BF4B-00C04F79EFBC}") = "Lib", "Lib\Lib.csproj", "{F6BAFF63-D20E-4519-A8B4-1C25C3242D05}"
EndProject
Project("{FAE04EC0-301F-11D3-BF4B-00C04F79EFBC}") = "P005", "P005\P005.csproj", "{91CF3989-317A-4A2F-9B6E-23CA135AE15E}"
EndProject
Project("{FAE04EC0-301F-11D3-BF4B-00C04F79EFBC}") = "P006", "P006\P006.csproj", "{09DB5D92-D1CA-47D6-8ABC-C69281CDE06B}"
EndProject
Project("{FAE04EC0-301F-11D3-BF4B-00C04F79EFBC}") = "P007", "P007\P007.csproj", "{C98911DA-4039-4EEA-B862-06444BC47C73}"
EndProject
Project("{FAE04EC0-301F-11D3-BF4B-00C04F79EFBC}") = "P008", "P008\P008.csproj", "{E75F3BA0-7E7B-4DEA-9885-003EA1D0B4B3}"
EndProject
Project("{FAE04EC0-301F-11D3-BF4B-00C04F79EFBC}") = "P009", "P009\P009.csproj", "{55549229-E8E8-452A-A266-78B0DB1B99B7}"
EndProject
Project("{FAE04EC0-301F-11D3-BF4B-00C04F79EFBC}") = "P010", "P010\P010.csproj", "{CE77A498-54F0-46ED-A146-A888AFA00466}"
EndProject
Project("{2150E333-8FDC-42A3-9474-1A3956D46DE8}") = "001-010", "001-010", "{2E4B656C-10F5-469B-B292-3EA3D0013895}"
EndProject
Project("{2150E333-8FDC-42A3-9474-1A3956D46DE8}") = "011-020", "011-020", "{98F16CA0-588A-4B9E-9836-368C3ECE5D85}"
EndProject
Project("{FAE04EC0-301F-11D3-BF4B-00C04F79EFBC}") = "P011", "P011\P011.csproj", "{9BFA93C5-B195-4A66-B58A-DD9B9681DA01}"
EndProject
Project("{FAE04EC0-301F-11D3-BF4B-00C04F79EFBC}") = "P013", "P013\P013.csproj", "{1F6E496A-8DD5-44DF-9A52-FF3ABBB14A75}"
EndProject
Project("{FAE04EC0-301F-11D3-BF4B-00C04F79EFBC}") = "P014", "P014\P014.csproj", "{E67F331C-A02C-47B4-B3F7-C2BC6FF51213}"
EndProject
Project("{FAE04EC0-301F-11D3-BF4B-00C04F79EFBC}") = "P016", "P016\P016.csproj", "{ED56A47C-2839-4AB0-9481-6974FC41CF10}"
EndProject
Project("{FAE04EC0-301F-11D3-BF4B-00C04F79EFBC}") = "P018", "P018\P018.csproj", "{539E9BBC-65A4-4692-9666-A03EBD543DFD}"
EndProject
Project("{2150E333-8FDC-42A3-9474-1A3956D46DE8}") = "061-070", "061-070", "{ADB65720-A850-4FE8-93B2-358F8275FFF1}"
EndProject
Project("{FAE04EC0-301F-11D3-BF4B-00C04F79EFBC}") = "P067", "P067\P067.csproj", "{252C89DD-4052-4B11-88B7-A9610984E76D}"
EndProject
Project("{FAE04EC0-301F-11D3-BF4B-00C04F79EFBC}") = "P019", "P019\P019.csproj", "{76BCA7BD-A057-49E4-AF60-6F27904FC49E}"
EndProject
Project("{FAE04EC0-301F-11D3-BF4B-00C04F79EFBC}") = "P020", "P020\P020.csproj", "{8918882A-B55D-4872-9B15-378B61445EC2}"
EndProject
Project("{2150E333-8FDC-42A3-9474-1A3956D46DE8}") = "021-030", "021-030", "{4B4F8382-F02D-4AF5-8D12-7D1E9FE24DA4}"
EndProject
Project("{FAE04EC0-301F-11D3-BF4B-00C04F79EFBC}") = "P021", "P021\P021.csproj", "{40827D5C-6BD4-4260-9B6B-2B7210EE9BF7}"
EndProject
Project("{FAE04EC0-301F-11D3-BF4B-00C04F79EFBC}") = "P022", "P022\P022.csproj", "{136CA736-D081-4569-A42F-C50EEACA8603}"
EndProject
Project("{FAE04EC0-301F-11D3-BF4B-00C04F79EFBC}") = "P023", "P023\P023.csproj", "{3E6C2269-D952-4F33-81E6-B04342CCF64D}"
EndProject
Project("{2150E333-8FDC-42A3-9474-1A3956D46DE8}") = "Solution Items", "Solution Items", "{E88762D5-862B-4A8E-A5D8-8710A07CBAF8}"
	ProjectSection(SolutionItems) = preProject
		Local.testsettings = Local.testsettings
		ProjectEuler.vsmdi = ProjectEuler.vsmdi
		..\..\README.md = ..\..\README.md
		TraceAndTestImpact.testsettings = TraceAndTestImpact.testsettings
	EndProjectSection
EndProject
Project("{FAE04EC0-301F-11D3-BF4B-00C04F79EFBC}") = "P025", "P025\P025.csproj", "{E7288491-DEC8-4C17-89E1-D09BA45C4FB6}"
EndProject
Project("{FAE04EC0-301F-11D3-BF4B-00C04F79EFBC}") = "P030", "P030\P030.csproj", "{4920CCCD-40E0-4783-9A47-51FDBBAABE3A}"
EndProject
Project("{FAE04EC0-301F-11D3-BF4B-00C04F79EFBC}") = "P029", "P029\P029.csproj", "{102192D6-95D6-4942-9F92-0D9825BE0E98}"
EndProject
Project("{2150E333-8FDC-42A3-9474-1A3956D46DE8}") = "081-090", "081-090", "{15E0D4BF-03DE-4044-8D76-ABC40CC7F114}"
EndProject
Project("{FAE04EC0-301F-11D3-BF4B-00C04F79EFBC}") = "P087", "P087\P087.csproj", "{C71EA78C-8865-4574-A3EC-5BB1B7B279FA}"
EndProject
Project("{FAE04EC0-301F-11D3-BF4B-00C04F79EFBC}") = "P012", "P012\P012.csproj", "{9F55307C-58B6-40D2-ABC9-F426CCDABCDF}"
EndProject
Project("{FAE04EC0-301F-11D3-BF4B-00C04F79EFBC}") = "LibTest", "LibTest\LibTest.csproj", "{E6755DD2-1FA8-412A-B86E-4F59CEDE5786}"
EndProject
Project("{FAE04EC0-301F-11D3-BF4B-00C04F79EFBC}") = "P015", "P015\P015.csproj", "{14ED36A2-02BC-4EA3-82A8-8E10C858EF6A}"
EndProject
Project("{2150E333-8FDC-42A3-9474-1A3956D46DE8}") = "031-040", "031-040", "{EFD6AF27-569F-4E2F-BB21-705F0FDA66EA}"
EndProject
Project("{FAE04EC0-301F-11D3-BF4B-00C04F79EFBC}") = "P031", "P031\P031.csproj", "{2589A0B2-7CED-4CB6-AB7F-D5323689F1DE}"
EndProject
Project("{FAE04EC0-301F-11D3-BF4B-00C04F79EFBC}") = "P076", "P076\P076.csproj", "{D0A66404-6D3C-4D2B-B90B-6C38F1B6EAE2}"
EndProject
Project("{FAE04EC0-301F-11D3-BF4B-00C04F79EFBC}") = "P024", "P024\P024.csproj", "{268BC5B3-F6D1-47C1-B1B4-FC42ADF586AC}"
EndProject
Project("{FAE04EC0-301F-11D3-BF4B-00C04F79EFBC}") = "P035", "P035\P035.csproj", "{CFBF0FDC-6B9A-49DA-B434-8873D3EDA207}"
EndProject
Project("{FAE04EC0-301F-11D3-BF4B-00C04F79EFBC}") = "P036", "P036\P036.csproj", "{7EE9BC68-CC32-4E97-8CC6-FBF123538FE0}"
EndProject
Project("{FAE04EC0-301F-11D3-BF4B-00C04F79EFBC}") = "P034", "P034\P034.csproj", "{8C4881C3-B15E-47CE-806D-A72DF890CC45}"
EndProject
Project("{FAE04EC0-301F-11D3-BF4B-00C04F79EFBC}") = "P037", "P037\P037.csproj", "{EFF1EB11-E83B-4B24-8EF2-B218101F8139}"
EndProject
Global
	GlobalSection(TestCaseManagementSettings) = postSolution
		CategoryFile = ProjectEuler.vsmdi
	EndGlobalSection
	GlobalSection(SolutionConfigurationPlatforms) = preSolution
		Debug|Any CPU = Debug|Any CPU
		Debug|Mixed Platforms = Debug|Mixed Platforms
		Debug|x86 = Debug|x86
		Release|Any CPU = Release|Any CPU
		Release|Mixed Platforms = Release|Mixed Platforms
		Release|x86 = Release|x86
	EndGlobalSection
	GlobalSection(ProjectConfigurationPlatforms) = postSolution
		{B5064EE9-3520-429C-B3B9-9A51AD9E065B}.Debug|Any CPU.ActiveCfg = Debug|x86
		{B5064EE9-3520-429C-B3B9-9A51AD9E065B}.Debug|Mixed Platforms.ActiveCfg = Debug|x86
		{B5064EE9-3520-429C-B3B9-9A51AD9E065B}.Debug|Mixed Platforms.Build.0 = Debug|x86
		{B5064EE9-3520-429C-B3B9-9A51AD9E065B}.Debug|x86.ActiveCfg = Debug|x86
		{B5064EE9-3520-429C-B3B9-9A51AD9E065B}.Debug|x86.Build.0 = Debug|x86
		{B5064EE9-3520-429C-B3B9-9A51AD9E065B}.Release|Any CPU.ActiveCfg = Release|x86
		{B5064EE9-3520-429C-B3B9-9A51AD9E065B}.Release|Mixed Platforms.ActiveCfg = Release|x86
		{B5064EE9-3520-429C-B3B9-9A51AD9E065B}.Release|Mixed Platforms.Build.0 = Release|x86
		{B5064EE9-3520-429C-B3B9-9A51AD9E065B}.Release|x86.ActiveCfg = Release|x86
		{B5064EE9-3520-429C-B3B9-9A51AD9E065B}.Release|x86.Build.0 = Release|x86
		{B9366C4E-1712-428D-A992-93CB6FF4F44C}.Debug|Any CPU.ActiveCfg = Debug|x86
		{B9366C4E-1712-428D-A992-93CB6FF4F44C}.Debug|Mixed Platforms.ActiveCfg = Debug|x86
		{B9366C4E-1712-428D-A992-93CB6FF4F44C}.Debug|Mixed Platforms.Build.0 = Debug|x86
		{B9366C4E-1712-428D-A992-93CB6FF4F44C}.Debug|x86.ActiveCfg = Debug|x86
		{B9366C4E-1712-428D-A992-93CB6FF4F44C}.Debug|x86.Build.0 = Debug|x86
		{B9366C4E-1712-428D-A992-93CB6FF4F44C}.Release|Any CPU.ActiveCfg = Release|x86
		{B9366C4E-1712-428D-A992-93CB6FF4F44C}.Release|Mixed Platforms.ActiveCfg = Release|x86
		{B9366C4E-1712-428D-A992-93CB6FF4F44C}.Release|Mixed Platforms.Build.0 = Release|x86
		{B9366C4E-1712-428D-A992-93CB6FF4F44C}.Release|x86.ActiveCfg = Release|x86
		{B9366C4E-1712-428D-A992-93CB6FF4F44C}.Release|x86.Build.0 = Release|x86
		{EC62C914-EC3C-4520-A0FC-3B8C8042C7F7}.Debug|Any CPU.ActiveCfg = Debug|x86
		{EC62C914-EC3C-4520-A0FC-3B8C8042C7F7}.Debug|Mixed Platforms.ActiveCfg = Debug|x86
		{EC62C914-EC3C-4520-A0FC-3B8C8042C7F7}.Debug|Mixed Platforms.Build.0 = Debug|x86
		{EC62C914-EC3C-4520-A0FC-3B8C8042C7F7}.Debug|x86.ActiveCfg = Debug|x86
		{EC62C914-EC3C-4520-A0FC-3B8C8042C7F7}.Debug|x86.Build.0 = Debug|x86
		{EC62C914-EC3C-4520-A0FC-3B8C8042C7F7}.Release|Any CPU.ActiveCfg = Release|x86
		{EC62C914-EC3C-4520-A0FC-3B8C8042C7F7}.Release|Mixed Platforms.ActiveCfg = Release|x86
		{EC62C914-EC3C-4520-A0FC-3B8C8042C7F7}.Release|Mixed Platforms.Build.0 = Release|x86
		{EC62C914-EC3C-4520-A0FC-3B8C8042C7F7}.Release|x86.ActiveCfg = Release|x86
		{EC62C914-EC3C-4520-A0FC-3B8C8042C7F7}.Release|x86.Build.0 = Release|x86
		{DD84540D-C140-4924-A298-1BE77DD297BD}.Debug|Any CPU.ActiveCfg = Debug|x86
		{DD84540D-C140-4924-A298-1BE77DD297BD}.Debug|Mixed Platforms.ActiveCfg = Debug|x86
		{DD84540D-C140-4924-A298-1BE77DD297BD}.Debug|Mixed Platforms.Build.0 = Debug|x86
		{DD84540D-C140-4924-A298-1BE77DD297BD}.Debug|x86.ActiveCfg = Debug|x86
		{DD84540D-C140-4924-A298-1BE77DD297BD}.Debug|x86.Build.0 = Debug|x86
		{DD84540D-C140-4924-A298-1BE77DD297BD}.Release|Any CPU.ActiveCfg = Release|x86
		{DD84540D-C140-4924-A298-1BE77DD297BD}.Release|Mixed Platforms.ActiveCfg = Release|x86
		{DD84540D-C140-4924-A298-1BE77DD297BD}.Release|Mixed Platforms.Build.0 = Release|x86
		{DD84540D-C140-4924-A298-1BE77DD297BD}.Release|x86.ActiveCfg = Release|x86
		{DD84540D-C140-4924-A298-1BE77DD297BD}.Release|x86.Build.0 = Release|x86
		{F6BAFF63-D20E-4519-A8B4-1C25C3242D05}.Debug|Any CPU.ActiveCfg = Debug|Any CPU
		{F6BAFF63-D20E-4519-A8B4-1C25C3242D05}.Debug|Any CPU.Build.0 = Debug|Any CPU
		{F6BAFF63-D20E-4519-A8B4-1C25C3242D05}.Debug|Mixed Platforms.ActiveCfg = Debug|Any CPU
		{F6BAFF63-D20E-4519-A8B4-1C25C3242D05}.Debug|Mixed Platforms.Build.0 = Debug|Any CPU
		{F6BAFF63-D20E-4519-A8B4-1C25C3242D05}.Debug|x86.ActiveCfg = Debug|Any CPU
		{F6BAFF63-D20E-4519-A8B4-1C25C3242D05}.Release|Any CPU.ActiveCfg = Release|Any CPU
		{F6BAFF63-D20E-4519-A8B4-1C25C3242D05}.Release|Any CPU.Build.0 = Release|Any CPU
		{F6BAFF63-D20E-4519-A8B4-1C25C3242D05}.Release|Mixed Platforms.ActiveCfg = Release|Any CPU
		{F6BAFF63-D20E-4519-A8B4-1C25C3242D05}.Release|Mixed Platforms.Build.0 = Release|Any CPU
		{F6BAFF63-D20E-4519-A8B4-1C25C3242D05}.Release|x86.ActiveCfg = Release|Any CPU
		{91CF3989-317A-4A2F-9B6E-23CA135AE15E}.Debug|Any CPU.ActiveCfg = Debug|x86
		{91CF3989-317A-4A2F-9B6E-23CA135AE15E}.Debug|Mixed Platforms.ActiveCfg = Debug|x86
		{91CF3989-317A-4A2F-9B6E-23CA135AE15E}.Debug|Mixed Platforms.Build.0 = Debug|x86
		{91CF3989-317A-4A2F-9B6E-23CA135AE15E}.Debug|x86.ActiveCfg = Debug|x86
		{91CF3989-317A-4A2F-9B6E-23CA135AE15E}.Debug|x86.Build.0 = Debug|x86
		{91CF3989-317A-4A2F-9B6E-23CA135AE15E}.Release|Any CPU.ActiveCfg = Release|x86
		{91CF3989-317A-4A2F-9B6E-23CA135AE15E}.Release|Mixed Platforms.ActiveCfg = Release|x86
		{91CF3989-317A-4A2F-9B6E-23CA135AE15E}.Release|Mixed Platforms.Build.0 = Release|x86
		{91CF3989-317A-4A2F-9B6E-23CA135AE15E}.Release|x86.ActiveCfg = Release|x86
		{91CF3989-317A-4A2F-9B6E-23CA135AE15E}.Release|x86.Build.0 = Release|x86
		{09DB5D92-D1CA-47D6-8ABC-C69281CDE06B}.Debug|Any CPU.ActiveCfg = Debug|x86
		{09DB5D92-D1CA-47D6-8ABC-C69281CDE06B}.Debug|Mixed Platforms.ActiveCfg = Debug|x86
		{09DB5D92-D1CA-47D6-8ABC-C69281CDE06B}.Debug|Mixed Platforms.Build.0 = Debug|x86
		{09DB5D92-D1CA-47D6-8ABC-C69281CDE06B}.Debug|x86.ActiveCfg = Debug|x86
		{09DB5D92-D1CA-47D6-8ABC-C69281CDE06B}.Debug|x86.Build.0 = Debug|x86
		{09DB5D92-D1CA-47D6-8ABC-C69281CDE06B}.Release|Any CPU.ActiveCfg = Release|x86
		{09DB5D92-D1CA-47D6-8ABC-C69281CDE06B}.Release|Mixed Platforms.ActiveCfg = Release|x86
		{09DB5D92-D1CA-47D6-8ABC-C69281CDE06B}.Release|Mixed Platforms.Build.0 = Release|x86
		{09DB5D92-D1CA-47D6-8ABC-C69281CDE06B}.Release|x86.ActiveCfg = Release|x86
		{09DB5D92-D1CA-47D6-8ABC-C69281CDE06B}.Release|x86.Build.0 = Release|x86
		{C98911DA-4039-4EEA-B862-06444BC47C73}.Debug|Any CPU.ActiveCfg = Debug|x86
		{C98911DA-4039-4EEA-B862-06444BC47C73}.Debug|Mixed Platforms.ActiveCfg = Debug|x86
		{C98911DA-4039-4EEA-B862-06444BC47C73}.Debug|Mixed Platforms.Build.0 = Debug|x86
		{C98911DA-4039-4EEA-B862-06444BC47C73}.Debug|x86.ActiveCfg = Debug|x86
		{C98911DA-4039-4EEA-B862-06444BC47C73}.Debug|x86.Build.0 = Debug|x86
		{C98911DA-4039-4EEA-B862-06444BC47C73}.Release|Any CPU.ActiveCfg = Release|x86
		{C98911DA-4039-4EEA-B862-06444BC47C73}.Release|Mixed Platforms.ActiveCfg = Release|x86
		{C98911DA-4039-4EEA-B862-06444BC47C73}.Release|Mixed Platforms.Build.0 = Release|x86
		{C98911DA-4039-4EEA-B862-06444BC47C73}.Release|x86.ActiveCfg = Release|x86
		{C98911DA-4039-4EEA-B862-06444BC47C73}.Release|x86.Build.0 = Release|x86
		{E75F3BA0-7E7B-4DEA-9885-003EA1D0B4B3}.Debug|Any CPU.ActiveCfg = Debug|x86
		{E75F3BA0-7E7B-4DEA-9885-003EA1D0B4B3}.Debug|Mixed Platforms.ActiveCfg = Debug|x86
		{E75F3BA0-7E7B-4DEA-9885-003EA1D0B4B3}.Debug|Mixed Platforms.Build.0 = Debug|x86
		{E75F3BA0-7E7B-4DEA-9885-003EA1D0B4B3}.Debug|x86.ActiveCfg = Debug|x86
		{E75F3BA0-7E7B-4DEA-9885-003EA1D0B4B3}.Debug|x86.Build.0 = Debug|x86
		{E75F3BA0-7E7B-4DEA-9885-003EA1D0B4B3}.Release|Any CPU.ActiveCfg = Release|x86
		{E75F3BA0-7E7B-4DEA-9885-003EA1D0B4B3}.Release|Mixed Platforms.ActiveCfg = Release|x86
		{E75F3BA0-7E7B-4DEA-9885-003EA1D0B4B3}.Release|Mixed Platforms.Build.0 = Release|x86
		{E75F3BA0-7E7B-4DEA-9885-003EA1D0B4B3}.Release|x86.ActiveCfg = Release|x86
		{E75F3BA0-7E7B-4DEA-9885-003EA1D0B4B3}.Release|x86.Build.0 = Release|x86
		{55549229-E8E8-452A-A266-78B0DB1B99B7}.Debug|Any CPU.ActiveCfg = Debug|Any CPU
		{55549229-E8E8-452A-A266-78B0DB1B99B7}.Debug|Any CPU.Build.0 = Debug|Any CPU
		{55549229-E8E8-452A-A266-78B0DB1B99B7}.Debug|Mixed Platforms.ActiveCfg = Debug|Any CPU
		{55549229-E8E8-452A-A266-78B0DB1B99B7}.Debug|Mixed Platforms.Build.0 = Debug|Any CPU
		{55549229-E8E8-452A-A266-78B0DB1B99B7}.Debug|x86.ActiveCfg = Debug|Any CPU
		{55549229-E8E8-452A-A266-78B0DB1B99B7}.Release|Any CPU.ActiveCfg = Release|Any CPU
		{55549229-E8E8-452A-A266-78B0DB1B99B7}.Release|Any CPU.Build.0 = Release|Any CPU
		{55549229-E8E8-452A-A266-78B0DB1B99B7}.Release|Mixed Platforms.ActiveCfg = Release|Any CPU
		{55549229-E8E8-452A-A266-78B0DB1B99B7}.Release|Mixed Platforms.Build.0 = Release|Any CPU
		{55549229-E8E8-452A-A266-78B0DB1B99B7}.Release|x86.ActiveCfg = Release|Any CPU
		{CE77A498-54F0-46ED-A146-A888AFA00466}.Debug|Any CPU.ActiveCfg = Debug|x86
		{CE77A498-54F0-46ED-A146-A888AFA00466}.Debug|Mixed Platforms.ActiveCfg = Debug|x86
		{CE77A498-54F0-46ED-A146-A888AFA00466}.Debug|Mixed Platforms.Build.0 = Debug|x86
		{CE77A498-54F0-46ED-A146-A888AFA00466}.Debug|x86.ActiveCfg = Debug|x86
		{CE77A498-54F0-46ED-A146-A888AFA00466}.Debug|x86.Build.0 = Debug|x86
		{CE77A498-54F0-46ED-A146-A888AFA00466}.Release|Any CPU.ActiveCfg = Release|x86
		{CE77A498-54F0-46ED-A146-A888AFA00466}.Release|Mixed Platforms.ActiveCfg = Release|x86
		{CE77A498-54F0-46ED-A146-A888AFA00466}.Release|Mixed Platforms.Build.0 = Release|x86
		{CE77A498-54F0-46ED-A146-A888AFA00466}.Release|x86.ActiveCfg = Release|x86
		{CE77A498-54F0-46ED-A146-A888AFA00466}.Release|x86.Build.0 = Release|x86
		{9BFA93C5-B195-4A66-B58A-DD9B9681DA01}.Debug|Any CPU.ActiveCfg = Debug|x86
		{9BFA93C5-B195-4A66-B58A-DD9B9681DA01}.Debug|Mixed Platforms.ActiveCfg = Debug|x86
		{9BFA93C5-B195-4A66-B58A-DD9B9681DA01}.Debug|Mixed Platforms.Build.0 = Debug|x86
		{9BFA93C5-B195-4A66-B58A-DD9B9681DA01}.Debug|x86.ActiveCfg = Debug|x86
		{9BFA93C5-B195-4A66-B58A-DD9B9681DA01}.Debug|x86.Build.0 = Debug|x86
		{9BFA93C5-B195-4A66-B58A-DD9B9681DA01}.Release|Any CPU.ActiveCfg = Release|x86
		{9BFA93C5-B195-4A66-B58A-DD9B9681DA01}.Release|Mixed Platforms.ActiveCfg = Release|x86
		{9BFA93C5-B195-4A66-B58A-DD9B9681DA01}.Release|Mixed Platforms.Build.0 = Release|x86
		{9BFA93C5-B195-4A66-B58A-DD9B9681DA01}.Release|x86.ActiveCfg = Release|x86
		{9BFA93C5-B195-4A66-B58A-DD9B9681DA01}.Release|x86.Build.0 = Release|x86
		{1F6E496A-8DD5-44DF-9A52-FF3ABBB14A75}.Debug|Any CPU.ActiveCfg = Debug|x86
		{1F6E496A-8DD5-44DF-9A52-FF3ABBB14A75}.Debug|Mixed Platforms.ActiveCfg = Debug|x86
		{1F6E496A-8DD5-44DF-9A52-FF3ABBB14A75}.Debug|Mixed Platforms.Build.0 = Debug|x86
		{1F6E496A-8DD5-44DF-9A52-FF3ABBB14A75}.Debug|x86.ActiveCfg = Debug|x86
		{1F6E496A-8DD5-44DF-9A52-FF3ABBB14A75}.Debug|x86.Build.0 = Debug|x86
		{1F6E496A-8DD5-44DF-9A52-FF3ABBB14A75}.Release|Any CPU.ActiveCfg = Release|x86
		{1F6E496A-8DD5-44DF-9A52-FF3ABBB14A75}.Release|Mixed Platforms.ActiveCfg = Release|x86
		{1F6E496A-8DD5-44DF-9A52-FF3ABBB14A75}.Release|Mixed Platforms.Build.0 = Release|x86
		{1F6E496A-8DD5-44DF-9A52-FF3ABBB14A75}.Release|x86.ActiveCfg = Release|x86
		{1F6E496A-8DD5-44DF-9A52-FF3ABBB14A75}.Release|x86.Build.0 = Release|x86
		{E67F331C-A02C-47B4-B3F7-C2BC6FF51213}.Debug|Any CPU.ActiveCfg = Debug|x86
		{E67F331C-A02C-47B4-B3F7-C2BC6FF51213}.Debug|Mixed Platforms.ActiveCfg = Debug|x86
		{E67F331C-A02C-47B4-B3F7-C2BC6FF51213}.Debug|Mixed Platforms.Build.0 = Debug|x86
		{E67F331C-A02C-47B4-B3F7-C2BC6FF51213}.Debug|x86.ActiveCfg = Debug|x86
		{E67F331C-A02C-47B4-B3F7-C2BC6FF51213}.Debug|x86.Build.0 = Debug|x86
		{E67F331C-A02C-47B4-B3F7-C2BC6FF51213}.Release|Any CPU.ActiveCfg = Release|x86
		{E67F331C-A02C-47B4-B3F7-C2BC6FF51213}.Release|Mixed Platforms.ActiveCfg = Release|x86
		{E67F331C-A02C-47B4-B3F7-C2BC6FF51213}.Release|Mixed Platforms.Build.0 = Release|x86
		{E67F331C-A02C-47B4-B3F7-C2BC6FF51213}.Release|x86.ActiveCfg = Release|x86
		{E67F331C-A02C-47B4-B3F7-C2BC6FF51213}.Release|x86.Build.0 = Release|x86
		{ED56A47C-2839-4AB0-9481-6974FC41CF10}.Debug|Any CPU.ActiveCfg = Debug|x86
		{ED56A47C-2839-4AB0-9481-6974FC41CF10}.Debug|Mixed Platforms.ActiveCfg = Debug|x86
		{ED56A47C-2839-4AB0-9481-6974FC41CF10}.Debug|Mixed Platforms.Build.0 = Debug|x86
		{ED56A47C-2839-4AB0-9481-6974FC41CF10}.Debug|x86.ActiveCfg = Debug|x86
		{ED56A47C-2839-4AB0-9481-6974FC41CF10}.Debug|x86.Build.0 = Debug|x86
		{ED56A47C-2839-4AB0-9481-6974FC41CF10}.Release|Any CPU.ActiveCfg = Release|x86
		{ED56A47C-2839-4AB0-9481-6974FC41CF10}.Release|Mixed Platforms.ActiveCfg = Release|x86
		{ED56A47C-2839-4AB0-9481-6974FC41CF10}.Release|Mixed Platforms.Build.0 = Release|x86
		{ED56A47C-2839-4AB0-9481-6974FC41CF10}.Release|x86.ActiveCfg = Release|x86
		{ED56A47C-2839-4AB0-9481-6974FC41CF10}.Release|x86.Build.0 = Release|x86
		{539E9BBC-65A4-4692-9666-A03EBD543DFD}.Debug|Any CPU.ActiveCfg = Debug|x86
		{539E9BBC-65A4-4692-9666-A03EBD543DFD}.Debug|Mixed Platforms.ActiveCfg = Debug|x86
		{539E9BBC-65A4-4692-9666-A03EBD543DFD}.Debug|Mixed Platforms.Build.0 = Debug|x86
		{539E9BBC-65A4-4692-9666-A03EBD543DFD}.Debug|x86.ActiveCfg = Debug|x86
		{539E9BBC-65A4-4692-9666-A03EBD543DFD}.Debug|x86.Build.0 = Debug|x86
		{539E9BBC-65A4-4692-9666-A03EBD543DFD}.Release|Any CPU.ActiveCfg = Release|x86
		{539E9BBC-65A4-4692-9666-A03EBD543DFD}.Release|Mixed Platforms.ActiveCfg = Release|x86
		{539E9BBC-65A4-4692-9666-A03EBD543DFD}.Release|Mixed Platforms.Build.0 = Release|x86
		{539E9BBC-65A4-4692-9666-A03EBD543DFD}.Release|x86.ActiveCfg = Release|x86
		{539E9BBC-65A4-4692-9666-A03EBD543DFD}.Release|x86.Build.0 = Release|x86
		{252C89DD-4052-4B11-88B7-A9610984E76D}.Debug|Any CPU.ActiveCfg = Debug|x86
		{252C89DD-4052-4B11-88B7-A9610984E76D}.Debug|Mixed Platforms.ActiveCfg = Debug|x86
		{252C89DD-4052-4B11-88B7-A9610984E76D}.Debug|Mixed Platforms.Build.0 = Debug|x86
		{252C89DD-4052-4B11-88B7-A9610984E76D}.Debug|x86.ActiveCfg = Debug|x86
		{252C89DD-4052-4B11-88B7-A9610984E76D}.Debug|x86.Build.0 = Debug|x86
		{252C89DD-4052-4B11-88B7-A9610984E76D}.Release|Any CPU.ActiveCfg = Release|x86
		{252C89DD-4052-4B11-88B7-A9610984E76D}.Release|Mixed Platforms.ActiveCfg = Release|x86
		{252C89DD-4052-4B11-88B7-A9610984E76D}.Release|Mixed Platforms.Build.0 = Release|x86
		{252C89DD-4052-4B11-88B7-A9610984E76D}.Release|x86.ActiveCfg = Release|x86
		{252C89DD-4052-4B11-88B7-A9610984E76D}.Release|x86.Build.0 = Release|x86
		{76BCA7BD-A057-49E4-AF60-6F27904FC49E}.Debug|Any CPU.ActiveCfg = Debug|x86
		{76BCA7BD-A057-49E4-AF60-6F27904FC49E}.Debug|Mixed Platforms.ActiveCfg = Debug|x86
		{76BCA7BD-A057-49E4-AF60-6F27904FC49E}.Debug|Mixed Platforms.Build.0 = Debug|x86
		{76BCA7BD-A057-49E4-AF60-6F27904FC49E}.Debug|x86.ActiveCfg = Debug|x86
		{76BCA7BD-A057-49E4-AF60-6F27904FC49E}.Debug|x86.Build.0 = Debug|x86
		{76BCA7BD-A057-49E4-AF60-6F27904FC49E}.Release|Any CPU.ActiveCfg = Release|x86
		{76BCA7BD-A057-49E4-AF60-6F27904FC49E}.Release|Mixed Platforms.ActiveCfg = Release|x86
		{76BCA7BD-A057-49E4-AF60-6F27904FC49E}.Release|Mixed Platforms.Build.0 = Release|x86
		{76BCA7BD-A057-49E4-AF60-6F27904FC49E}.Release|x86.ActiveCfg = Release|x86
		{76BCA7BD-A057-49E4-AF60-6F27904FC49E}.Release|x86.Build.0 = Release|x86
		{8918882A-B55D-4872-9B15-378B61445EC2}.Debug|Any CPU.ActiveCfg = Debug|x86
		{8918882A-B55D-4872-9B15-378B61445EC2}.Debug|Mixed Platforms.ActiveCfg = Debug|x86
		{8918882A-B55D-4872-9B15-378B61445EC2}.Debug|Mixed Platforms.Build.0 = Debug|x86
		{8918882A-B55D-4872-9B15-378B61445EC2}.Debug|x86.ActiveCfg = Debug|x86
		{8918882A-B55D-4872-9B15-378B61445EC2}.Debug|x86.Build.0 = Debug|x86
		{8918882A-B55D-4872-9B15-378B61445EC2}.Release|Any CPU.ActiveCfg = Release|x86
		{8918882A-B55D-4872-9B15-378B61445EC2}.Release|Mixed Platforms.ActiveCfg = Release|x86
		{8918882A-B55D-4872-9B15-378B61445EC2}.Release|Mixed Platforms.Build.0 = Release|x86
		{8918882A-B55D-4872-9B15-378B61445EC2}.Release|x86.ActiveCfg = Release|x86
		{8918882A-B55D-4872-9B15-378B61445EC2}.Release|x86.Build.0 = Release|x86
		{40827D5C-6BD4-4260-9B6B-2B7210EE9BF7}.Debug|Any CPU.ActiveCfg = Debug|x86
		{40827D5C-6BD4-4260-9B6B-2B7210EE9BF7}.Debug|Mixed Platforms.ActiveCfg = Debug|x86
		{40827D5C-6BD4-4260-9B6B-2B7210EE9BF7}.Debug|Mixed Platforms.Build.0 = Debug|x86
		{40827D5C-6BD4-4260-9B6B-2B7210EE9BF7}.Debug|x86.ActiveCfg = Debug|x86
		{40827D5C-6BD4-4260-9B6B-2B7210EE9BF7}.Debug|x86.Build.0 = Debug|x86
		{40827D5C-6BD4-4260-9B6B-2B7210EE9BF7}.Release|Any CPU.ActiveCfg = Release|x86
		{40827D5C-6BD4-4260-9B6B-2B7210EE9BF7}.Release|Mixed Platforms.ActiveCfg = Release|x86
		{40827D5C-6BD4-4260-9B6B-2B7210EE9BF7}.Release|Mixed Platforms.Build.0 = Release|x86
		{40827D5C-6BD4-4260-9B6B-2B7210EE9BF7}.Release|x86.ActiveCfg = Release|x86
		{40827D5C-6BD4-4260-9B6B-2B7210EE9BF7}.Release|x86.Build.0 = Release|x86
		{136CA736-D081-4569-A42F-C50EEACA8603}.Debug|Any CPU.ActiveCfg = Debug|x86
		{136CA736-D081-4569-A42F-C50EEACA8603}.Debug|Mixed Platforms.ActiveCfg = Debug|x86
		{136CA736-D081-4569-A42F-C50EEACA8603}.Debug|Mixed Platforms.Build.0 = Debug|x86
		{136CA736-D081-4569-A42F-C50EEACA8603}.Debug|x86.ActiveCfg = Debug|x86
		{136CA736-D081-4569-A42F-C50EEACA8603}.Debug|x86.Build.0 = Debug|x86
		{136CA736-D081-4569-A42F-C50EEACA8603}.Release|Any CPU.ActiveCfg = Release|x86
		{136CA736-D081-4569-A42F-C50EEACA8603}.Release|Mixed Platforms.ActiveCfg = Release|x86
		{136CA736-D081-4569-A42F-C50EEACA8603}.Release|Mixed Platforms.Build.0 = Release|x86
		{136CA736-D081-4569-A42F-C50EEACA8603}.Release|x86.ActiveCfg = Release|x86
		{136CA736-D081-4569-A42F-C50EEACA8603}.Release|x86.Build.0 = Release|x86
		{3E6C2269-D952-4F33-81E6-B04342CCF64D}.Debug|Any CPU.ActiveCfg = Debug|x86
		{3E6C2269-D952-4F33-81E6-B04342CCF64D}.Debug|Mixed Platforms.ActiveCfg = Debug|x86
		{3E6C2269-D952-4F33-81E6-B04342CCF64D}.Debug|Mixed Platforms.Build.0 = Debug|x86
		{3E6C2269-D952-4F33-81E6-B04342CCF64D}.Debug|x86.ActiveCfg = Debug|x86
		{3E6C2269-D952-4F33-81E6-B04342CCF64D}.Debug|x86.Build.0 = Debug|x86
		{3E6C2269-D952-4F33-81E6-B04342CCF64D}.Release|Any CPU.ActiveCfg = Release|x86
		{3E6C2269-D952-4F33-81E6-B04342CCF64D}.Release|Mixed Platforms.ActiveCfg = Release|x86
		{3E6C2269-D952-4F33-81E6-B04342CCF64D}.Release|Mixed Platforms.Build.0 = Release|x86
		{3E6C2269-D952-4F33-81E6-B04342CCF64D}.Release|x86.ActiveCfg = Release|x86
		{3E6C2269-D952-4F33-81E6-B04342CCF64D}.Release|x86.Build.0 = Release|x86
		{E7288491-DEC8-4C17-89E1-D09BA45C4FB6}.Debug|Any CPU.ActiveCfg = Debug|x86
		{E7288491-DEC8-4C17-89E1-D09BA45C4FB6}.Debug|Mixed Platforms.ActiveCfg = Debug|x86
		{E7288491-DEC8-4C17-89E1-D09BA45C4FB6}.Debug|Mixed Platforms.Build.0 = Debug|x86
		{E7288491-DEC8-4C17-89E1-D09BA45C4FB6}.Debug|x86.ActiveCfg = Debug|x86
		{E7288491-DEC8-4C17-89E1-D09BA45C4FB6}.Debug|x86.Build.0 = Debug|x86
		{E7288491-DEC8-4C17-89E1-D09BA45C4FB6}.Release|Any CPU.ActiveCfg = Release|x86
		{E7288491-DEC8-4C17-89E1-D09BA45C4FB6}.Release|Mixed Platforms.ActiveCfg = Release|x86
		{E7288491-DEC8-4C17-89E1-D09BA45C4FB6}.Release|Mixed Platforms.Build.0 = Release|x86
		{E7288491-DEC8-4C17-89E1-D09BA45C4FB6}.Release|x86.ActiveCfg = Release|x86
		{E7288491-DEC8-4C17-89E1-D09BA45C4FB6}.Release|x86.Build.0 = Release|x86
		{4920CCCD-40E0-4783-9A47-51FDBBAABE3A}.Debug|Any CPU.ActiveCfg = Debug|x86
		{4920CCCD-40E0-4783-9A47-51FDBBAABE3A}.Debug|Mixed Platforms.ActiveCfg = Debug|x86
		{4920CCCD-40E0-4783-9A47-51FDBBAABE3A}.Debug|Mixed Platforms.Build.0 = Debug|x86
		{4920CCCD-40E0-4783-9A47-51FDBBAABE3A}.Debug|x86.ActiveCfg = Debug|x86
		{4920CCCD-40E0-4783-9A47-51FDBBAABE3A}.Debug|x86.Build.0 = Debug|x86
		{4920CCCD-40E0-4783-9A47-51FDBBAABE3A}.Release|Any CPU.ActiveCfg = Release|x86
		{4920CCCD-40E0-4783-9A47-51FDBBAABE3A}.Release|Mixed Platforms.ActiveCfg = Release|x86
		{4920CCCD-40E0-4783-9A47-51FDBBAABE3A}.Release|Mixed Platforms.Build.0 = Release|x86
		{4920CCCD-40E0-4783-9A47-51FDBBAABE3A}.Release|x86.ActiveCfg = Release|x86
		{4920CCCD-40E0-4783-9A47-51FDBBAABE3A}.Release|x86.Build.0 = Release|x86
		{102192D6-95D6-4942-9F92-0D9825BE0E98}.Debug|Any CPU.ActiveCfg = Debug|x86
		{102192D6-95D6-4942-9F92-0D9825BE0E98}.Debug|Mixed Platforms.ActiveCfg = Debug|x86
		{102192D6-95D6-4942-9F92-0D9825BE0E98}.Debug|Mixed Platforms.Build.0 = Debug|x86
		{102192D6-95D6-4942-9F92-0D9825BE0E98}.Debug|x86.ActiveCfg = Debug|x86
		{102192D6-95D6-4942-9F92-0D9825BE0E98}.Debug|x86.Build.0 = Debug|x86
		{102192D6-95D6-4942-9F92-0D9825BE0E98}.Release|Any CPU.ActiveCfg = Release|x86
		{102192D6-95D6-4942-9F92-0D9825BE0E98}.Release|Mixed Platforms.ActiveCfg = Release|x86
		{102192D6-95D6-4942-9F92-0D9825BE0E98}.Release|Mixed Platforms.Build.0 = Release|x86
		{102192D6-95D6-4942-9F92-0D9825BE0E98}.Release|x86.ActiveCfg = Release|x86
		{102192D6-95D6-4942-9F92-0D9825BE0E98}.Release|x86.Build.0 = Release|x86
		{C71EA78C-8865-4574-A3EC-5BB1B7B279FA}.Debug|Any CPU.ActiveCfg = Debug|x86
		{C71EA78C-8865-4574-A3EC-5BB1B7B279FA}.Debug|Mixed Platforms.ActiveCfg = Debug|x86
		{C71EA78C-8865-4574-A3EC-5BB1B7B279FA}.Debug|Mixed Platforms.Build.0 = Debug|x86
		{C71EA78C-8865-4574-A3EC-5BB1B7B279FA}.Debug|x86.ActiveCfg = Debug|x86
		{C71EA78C-8865-4574-A3EC-5BB1B7B279FA}.Debug|x86.Build.0 = Debug|x86
		{C71EA78C-8865-4574-A3EC-5BB1B7B279FA}.Release|Any CPU.ActiveCfg = Release|x86
		{C71EA78C-8865-4574-A3EC-5BB1B7B279FA}.Release|Mixed Platforms.ActiveCfg = Release|x86
		{C71EA78C-8865-4574-A3EC-5BB1B7B279FA}.Release|Mixed Platforms.Build.0 = Release|x86
		{C71EA78C-8865-4574-A3EC-5BB1B7B279FA}.Release|x86.ActiveCfg = Release|x86
		{C71EA78C-8865-4574-A3EC-5BB1B7B279FA}.Release|x86.Build.0 = Release|x86
		{9F55307C-58B6-40D2-ABC9-F426CCDABCDF}.Debug|Any CPU.ActiveCfg = Debug|x86
		{9F55307C-58B6-40D2-ABC9-F426CCDABCDF}.Debug|Mixed Platforms.ActiveCfg = Debug|x86
		{9F55307C-58B6-40D2-ABC9-F426CCDABCDF}.Debug|Mixed Platforms.Build.0 = Debug|x86
		{9F55307C-58B6-40D2-ABC9-F426CCDABCDF}.Debug|x86.ActiveCfg = Debug|x86
		{9F55307C-58B6-40D2-ABC9-F426CCDABCDF}.Debug|x86.Build.0 = Debug|x86
		{9F55307C-58B6-40D2-ABC9-F426CCDABCDF}.Release|Any CPU.ActiveCfg = Release|x86
		{9F55307C-58B6-40D2-ABC9-F426CCDABCDF}.Release|Mixed Platforms.ActiveCfg = Release|x86
		{9F55307C-58B6-40D2-ABC9-F426CCDABCDF}.Release|Mixed Platforms.Build.0 = Release|x86
		{9F55307C-58B6-40D2-ABC9-F426CCDABCDF}.Release|x86.ActiveCfg = Release|x86
		{9F55307C-58B6-40D2-ABC9-F426CCDABCDF}.Release|x86.Build.0 = Release|x86
		{E6755DD2-1FA8-412A-B86E-4F59CEDE5786}.Debug|Any CPU.ActiveCfg = Debug|Any CPU
		{E6755DD2-1FA8-412A-B86E-4F59CEDE5786}.Debug|Any CPU.Build.0 = Debug|Any CPU
		{E6755DD2-1FA8-412A-B86E-4F59CEDE5786}.Debug|Mixed Platforms.ActiveCfg = Debug|Any CPU
		{E6755DD2-1FA8-412A-B86E-4F59CEDE5786}.Debug|Mixed Platforms.Build.0 = Debug|Any CPU
		{E6755DD2-1FA8-412A-B86E-4F59CEDE5786}.Debug|x86.ActiveCfg = Debug|Any CPU
		{E6755DD2-1FA8-412A-B86E-4F59CEDE5786}.Release|Any CPU.ActiveCfg = Release|Any CPU
		{E6755DD2-1FA8-412A-B86E-4F59CEDE5786}.Release|Any CPU.Build.0 = Release|Any CPU
		{E6755DD2-1FA8-412A-B86E-4F59CEDE5786}.Release|Mixed Platforms.ActiveCfg = Release|Any CPU
		{E6755DD2-1FA8-412A-B86E-4F59CEDE5786}.Release|Mixed Platforms.Build.0 = Release|Any CPU
		{E6755DD2-1FA8-412A-B86E-4F59CEDE5786}.Release|x86.ActiveCfg = Release|Any CPU
		{14ED36A2-02BC-4EA3-82A8-8E10C858EF6A}.Debug|Any CPU.ActiveCfg = Debug|x86
		{14ED36A2-02BC-4EA3-82A8-8E10C858EF6A}.Debug|Mixed Platforms.ActiveCfg = Debug|x86
		{14ED36A2-02BC-4EA3-82A8-8E10C858EF6A}.Debug|Mixed Platforms.Build.0 = Debug|x86
		{14ED36A2-02BC-4EA3-82A8-8E10C858EF6A}.Debug|x86.ActiveCfg = Debug|x86
		{14ED36A2-02BC-4EA3-82A8-8E10C858EF6A}.Debug|x86.Build.0 = Debug|x86
		{14ED36A2-02BC-4EA3-82A8-8E10C858EF6A}.Release|Any CPU.ActiveCfg = Release|x86
		{14ED36A2-02BC-4EA3-82A8-8E10C858EF6A}.Release|Mixed Platforms.ActiveCfg = Release|x86
		{14ED36A2-02BC-4EA3-82A8-8E10C858EF6A}.Release|Mixed Platforms.Build.0 = Release|x86
		{14ED36A2-02BC-4EA3-82A8-8E10C858EF6A}.Release|x86.ActiveCfg = Release|x86
		{14ED36A2-02BC-4EA3-82A8-8E10C858EF6A}.Release|x86.Build.0 = Release|x86
		{2589A0B2-7CED-4CB6-AB7F-D5323689F1DE}.Debug|Any CPU.ActiveCfg = Debug|x86
		{2589A0B2-7CED-4CB6-AB7F-D5323689F1DE}.Debug|Mixed Platforms.ActiveCfg = Debug|x86
		{2589A0B2-7CED-4CB6-AB7F-D5323689F1DE}.Debug|Mixed Platforms.Build.0 = Debug|x86
		{2589A0B2-7CED-4CB6-AB7F-D5323689F1DE}.Debug|x86.ActiveCfg = Debug|x86
		{2589A0B2-7CED-4CB6-AB7F-D5323689F1DE}.Debug|x86.Build.0 = Debug|x86
		{2589A0B2-7CED-4CB6-AB7F-D5323689F1DE}.Release|Any CPU.ActiveCfg = Release|x86
		{2589A0B2-7CED-4CB6-AB7F-D5323689F1DE}.Release|Mixed Platforms.ActiveCfg = Release|x86
		{2589A0B2-7CED-4CB6-AB7F-D5323689F1DE}.Release|Mixed Platforms.Build.0 = Release|x86
		{2589A0B2-7CED-4CB6-AB7F-D5323689F1DE}.Release|x86.ActiveCfg = Release|x86
		{2589A0B2-7CED-4CB6-AB7F-D5323689F1DE}.Release|x86.Build.0 = Release|x86
		{D0A66404-6D3C-4D2B-B90B-6C38F1B6EAE2}.Debug|Any CPU.ActiveCfg = Debug|x86
		{D0A66404-6D3C-4D2B-B90B-6C38F1B6EAE2}.Debug|Mixed Platforms.ActiveCfg = Debug|x86
		{D0A66404-6D3C-4D2B-B90B-6C38F1B6EAE2}.Debug|Mixed Platforms.Build.0 = Debug|x86
		{D0A66404-6D3C-4D2B-B90B-6C38F1B6EAE2}.Debug|x86.ActiveCfg = Debug|x86
		{D0A66404-6D3C-4D2B-B90B-6C38F1B6EAE2}.Debug|x86.Build.0 = Debug|x86
		{D0A66404-6D3C-4D2B-B90B-6C38F1B6EAE2}.Release|Any CPU.ActiveCfg = Release|x86
		{D0A66404-6D3C-4D2B-B90B-6C38F1B6EAE2}.Release|Mixed Platforms.ActiveCfg = Release|x86
		{D0A66404-6D3C-4D2B-B90B-6C38F1B6EAE2}.Release|Mixed Platforms.Build.0 = Release|x86
		{D0A66404-6D3C-4D2B-B90B-6C38F1B6EAE2}.Release|x86.ActiveCfg = Release|x86
		{D0A66404-6D3C-4D2B-B90B-6C38F1B6EAE2}.Release|x86.Build.0 = Release|x86
		{268BC5B3-F6D1-47C1-B1B4-FC42ADF586AC}.Debug|Any CPU.ActiveCfg = Debug|x86
		{268BC5B3-F6D1-47C1-B1B4-FC42ADF586AC}.Debug|Mixed Platforms.ActiveCfg = Debug|x86
		{268BC5B3-F6D1-47C1-B1B4-FC42ADF586AC}.Debug|Mixed Platforms.Build.0 = Debug|x86
		{268BC5B3-F6D1-47C1-B1B4-FC42ADF586AC}.Debug|x86.ActiveCfg = Debug|x86
		{268BC5B3-F6D1-47C1-B1B4-FC42ADF586AC}.Debug|x86.Build.0 = Debug|x86
		{268BC5B3-F6D1-47C1-B1B4-FC42ADF586AC}.Release|Any CPU.ActiveCfg = Release|x86
		{268BC5B3-F6D1-47C1-B1B4-FC42ADF586AC}.Release|Mixed Platforms.ActiveCfg = Release|x86
		{268BC5B3-F6D1-47C1-B1B4-FC42ADF586AC}.Release|Mixed Platforms.Build.0 = Release|x86
		{268BC5B3-F6D1-47C1-B1B4-FC42ADF586AC}.Release|x86.ActiveCfg = Release|x86
		{268BC5B3-F6D1-47C1-B1B4-FC42ADF586AC}.Release|x86.Build.0 = Release|x86
		{CFBF0FDC-6B9A-49DA-B434-8873D3EDA207}.Debug|Any CPU.ActiveCfg = Debug|Any CPU
		{CFBF0FDC-6B9A-49DA-B434-8873D3EDA207}.Debug|Any CPU.Build.0 = Debug|Any CPU
		{CFBF0FDC-6B9A-49DA-B434-8873D3EDA207}.Debug|Mixed Platforms.ActiveCfg = Debug|Any CPU
		{CFBF0FDC-6B9A-49DA-B434-8873D3EDA207}.Debug|Mixed Platforms.Build.0 = Debug|Any CPU
		{CFBF0FDC-6B9A-49DA-B434-8873D3EDA207}.Debug|x86.ActiveCfg = Debug|Any CPU
		{CFBF0FDC-6B9A-49DA-B434-8873D3EDA207}.Release|Any CPU.ActiveCfg = Release|Any CPU
		{CFBF0FDC-6B9A-49DA-B434-8873D3EDA207}.Release|Any CPU.Build.0 = Release|Any CPU
		{CFBF0FDC-6B9A-49DA-B434-8873D3EDA207}.Release|Mixed Platforms.ActiveCfg = Release|Any CPU
		{CFBF0FDC-6B9A-49DA-B434-8873D3EDA207}.Release|Mixed Platforms.Build.0 = Release|Any CPU
		{CFBF0FDC-6B9A-49DA-B434-8873D3EDA207}.Release|x86.ActiveCfg = Release|Any CPU
		{7EE9BC68-CC32-4E97-8CC6-FBF123538FE0}.Debug|Any CPU.ActiveCfg = Debug|Any CPU
		{7EE9BC68-CC32-4E97-8CC6-FBF123538FE0}.Debug|Any CPU.Build.0 = Debug|Any CPU
		{7EE9BC68-CC32-4E97-8CC6-FBF123538FE0}.Debug|Mixed Platforms.ActiveCfg = Debug|Any CPU
		{7EE9BC68-CC32-4E97-8CC6-FBF123538FE0}.Debug|Mixed Platforms.Build.0 = Debug|Any CPU
		{7EE9BC68-CC32-4E97-8CC6-FBF123538FE0}.Debug|x86.ActiveCfg = Debug|Any CPU
		{7EE9BC68-CC32-4E97-8CC6-FBF123538FE0}.Release|Any CPU.ActiveCfg = Release|Any CPU
		{7EE9BC68-CC32-4E97-8CC6-FBF123538FE0}.Release|Any CPU.Build.0 = Release|Any CPU
		{7EE9BC68-CC32-4E97-8CC6-FBF123538FE0}.Release|Mixed Platforms.ActiveCfg = Release|Any CPU
		{7EE9BC68-CC32-4E97-8CC6-FBF123538FE0}.Release|Mixed Platforms.Build.0 = Release|Any CPU
		{7EE9BC68-CC32-4E97-8CC6-FBF123538FE0}.Release|x86.ActiveCfg = Release|Any CPU
		{8C4881C3-B15E-47CE-806D-A72DF890CC45}.Debug|Any CPU.ActiveCfg = Debug|Any CPU
		{8C4881C3-B15E-47CE-806D-A72DF890CC45}.Debug|Any CPU.Build.0 = Debug|Any CPU
		{8C4881C3-B15E-47CE-806D-A72DF890CC45}.Debug|Mixed Platforms.ActiveCfg = Debug|Any CPU
		{8C4881C3-B15E-47CE-806D-A72DF890CC45}.Debug|Mixed Platforms.Build.0 = Debug|Any CPU
		{8C4881C3-B15E-47CE-806D-A72DF890CC45}.Debug|x86.ActiveCfg = Debug|Any CPU
		{8C4881C3-B15E-47CE-806D-A72DF890CC45}.Release|Any CPU.ActiveCfg = Release|Any CPU
		{8C4881C3-B15E-47CE-806D-A72DF890CC45}.Release|Any CPU.Build.0 = Release|Any CPU
		{8C4881C3-B15E-47CE-806D-A72DF890CC45}.Release|Mixed Platforms.ActiveCfg = Release|Any CPU
		{8C4881C3-B15E-47CE-806D-A72DF890CC45}.Release|Mixed Platforms.Build.0 = Release|Any CPU
		{8C4881C3-B15E-47CE-806D-A72DF890CC45}.Release|x86.ActiveCfg = Release|Any CPU
		{EFF1EB11-E83B-4B24-8EF2-B218101F8139}.Debug|Any CPU.ActiveCfg = Debug|Any CPU
		{EFF1EB11-E83B-4B24-8EF2-B218101F8139}.Debug|Any CPU.Build.0 = Debug|Any CPU
		{EFF1EB11-E83B-4B24-8EF2-B218101F8139}.Debug|Mixed Platforms.ActiveCfg = Debug|Any CPU
		{EFF1EB11-E83B-4B24-8EF2-B218101F8139}.Debug|Mixed Platforms.Build.0 = Debug|Any CPU
		{EFF1EB11-E83B-4B24-8EF2-B218101F8139}.Debug|x86.ActiveCfg = Debug|Any CPU
		{EFF1EB11-E83B-4B24-8EF2-B218101F8139}.Release|Any CPU.ActiveCfg = Release|Any CPU
		{EFF1EB11-E83B-4B24-8EF2-B218101F8139}.Release|Any CPU.Build.0 = Release|Any CPU
		{EFF1EB11-E83B-4B24-8EF2-B218101F8139}.Release|Mixed Platforms.ActiveCfg = Release|Any CPU
		{EFF1EB11-E83B-4B24-8EF2-B218101F8139}.Release|Mixed Platforms.Build.0 = Release|Any CPU
		{EFF1EB11-E83B-4B24-8EF2-B218101F8139}.Release|x86.ActiveCfg = Release|Any CPU
	EndGlobalSection
	GlobalSection(SolutionProperties) = preSolution
		HideSolutionNode = FALSE
	EndGlobalSection
	GlobalSection(NestedProjects) = preSolution
		{B9366C4E-1712-428D-A992-93CB6FF4F44C} = {2E4B656C-10F5-469B-B292-3EA3D0013895}
		{EC62C914-EC3C-4520-A0FC-3B8C8042C7F7} = {2E4B656C-10F5-469B-B292-3EA3D0013895}
		{DD84540D-C140-4924-A298-1BE77DD297BD} = {2E4B656C-10F5-469B-B292-3EA3D0013895}
		{91CF3989-317A-4A2F-9B6E-23CA135AE15E} = {2E4B656C-10F5-469B-B292-3EA3D0013895}
		{09DB5D92-D1CA-47D6-8ABC-C69281CDE06B} = {2E4B656C-10F5-469B-B292-3EA3D0013895}
		{C98911DA-4039-4EEA-B862-06444BC47C73} = {2E4B656C-10F5-469B-B292-3EA3D0013895}
		{E75F3BA0-7E7B-4DEA-9885-003EA1D0B4B3} = {2E4B656C-10F5-469B-B292-3EA3D0013895}
		{55549229-E8E8-452A-A266-78B0DB1B99B7} = {2E4B656C-10F5-469B-B292-3EA3D0013895}
		{CE77A498-54F0-46ED-A146-A888AFA00466} = {2E4B656C-10F5-469B-B292-3EA3D0013895}
		{B5064EE9-3520-429C-B3B9-9A51AD9E065B} = {2E4B656C-10F5-469B-B292-3EA3D0013895}
		{9BFA93C5-B195-4A66-B58A-DD9B9681DA01} = {98F16CA0-588A-4B9E-9836-368C3ECE5D85}
		{1F6E496A-8DD5-44DF-9A52-FF3ABBB14A75} = {98F16CA0-588A-4B9E-9836-368C3ECE5D85}
		{E67F331C-A02C-47B4-B3F7-C2BC6FF51213} = {98F16CA0-588A-4B9E-9836-368C3ECE5D85}
		{ED56A47C-2839-4AB0-9481-6974FC41CF10} = {98F16CA0-588A-4B9E-9836-368C3ECE5D85}
		{539E9BBC-65A4-4692-9666-A03EBD543DFD} = {98F16CA0-588A-4B9E-9836-368C3ECE5D85}
		{76BCA7BD-A057-49E4-AF60-6F27904FC49E} = {98F16CA0-588A-4B9E-9836-368C3ECE5D85}
		{8918882A-B55D-4872-9B15-378B61445EC2} = {98F16CA0-588A-4B9E-9836-368C3ECE5D85}
		{9F55307C-58B6-40D2-ABC9-F426CCDABCDF} = {98F16CA0-588A-4B9E-9836-368C3ECE5D85}
		{14ED36A2-02BC-4EA3-82A8-8E10C858EF6A} = {98F16CA0-588A-4B9E-9836-368C3ECE5D85}
		{252C89DD-4052-4B11-88B7-A9610984E76D} = {ADB65720-A850-4FE8-93B2-358F8275FFF1}
		{D0A66404-6D3C-4D2B-B90B-6C38F1B6EAE2} = {ADB65720-A850-4FE8-93B2-358F8275FFF1}
		{40827D5C-6BD4-4260-9B6B-2B7210EE9BF7} = {4B4F8382-F02D-4AF5-8D12-7D1E9FE24DA4}
		{136CA736-D081-4569-A42F-C50EEACA8603} = {4B4F8382-F02D-4AF5-8D12-7D1E9FE24DA4}
		{3E6C2269-D952-4F33-81E6-B04342CCF64D} = {4B4F8382-F02D-4AF5-8D12-7D1E9FE24DA4}
		{E7288491-DEC8-4C17-89E1-D09BA45C4FB6} = {4B4F8382-F02D-4AF5-8D12-7D1E9FE24DA4}
		{4920CCCD-40E0-4783-9A47-51FDBBAABE3A} = {4B4F8382-F02D-4AF5-8D12-7D1E9FE24DA4}
		{102192D6-95D6-4942-9F92-0D9825BE0E98} = {4B4F8382-F02D-4AF5-8D12-7D1E9FE24DA4}
		{268BC5B3-F6D1-47C1-B1B4-FC42ADF586AC} = {4B4F8382-F02D-4AF5-8D12-7D1E9FE24DA4}
		{C71EA78C-8865-4574-A3EC-5BB1B7B279FA} = {15E0D4BF-03DE-4044-8D76-ABC40CC7F114}
		{2589A0B2-7CED-4CB6-AB7F-D5323689F1DE} = {EFD6AF27-569F-4E2F-BB21-705F0FDA66EA}
		{CFBF0FDC-6B9A-49DA-B434-8873D3EDA207} = {EFD6AF27-569F-4E2F-BB21-705F0FDA66EA}
		{7EE9BC68-CC32-4E97-8CC6-FBF123538FE0} = {EFD6AF27-569F-4E2F-BB21-705F0FDA66EA}
		{8C4881C3-B15E-47CE-806D-A72DF890CC45} = {EFD6AF27-569F-4E2F-BB21-705F0FDA66EA}
		{EFF1EB11-E83B-4B24-8EF2-B218101F8139} = {EFD6AF27-569F-4E2F-BB21-705F0FDA66EA}
	EndGlobalSection
EndGlobal
